
Microsoft Visual Studio Solution File, Format Version 12.00
# Visual Studio 14
VisualStudioVersion = 14.0.25420.1
MinimumVisualStudioVersion = 10.0.40219.1
Project("{FAE04EC0-301F-11D3-BF4B-00C04F79EFBC}") = "BarcodeSample.Android", "BarcodeSample\BarcodeSample.Android\BarcodeSample.Android.csproj", "{F89DC856-E093-4FFF-8E5A-B4573DF6B004}"
EndProject
Project("{FAE04EC0-301F-11D3-BF4B-00C04F79EFBC}") = "BarcodeSample", "BarcodeSample\BarcodeSample\BarcodeSample.csproj", "{4215CB84-1B2B-4E55-8B50-CD55A99B3ED5}"
EndProject
Project("{FAE04EC0-301F-11D3-BF4B-00C04F79EFBC}") = "BarcodeSample.iOS", "BarcodeSample\BarcodeSample.iOS\BarcodeSample.iOS.csproj", "{243E52F5-525D-47E1-AA31-B077A09E0327}"
EndProject
Global
	GlobalSection(SolutionConfigurationPlatforms) = preSolution
		Ad-Hoc|Any CPU = Ad-Hoc|Any CPU
		Ad-Hoc|iPhone = Ad-Hoc|iPhone
		Ad-Hoc|iPhoneSimulator = Ad-Hoc|iPhoneSimulator
		AppStore|Any CPU = AppStore|Any CPU
		AppStore|iPhone = AppStore|iPhone
		AppStore|iPhoneSimulator = AppStore|iPhoneSimulator
		Debug|Any CPU = Debug|Any CPU
		Debug|iPhone = Debug|iPhone
		Debug|iPhoneSimulator = Debug|iPhoneSimulator
		Release|Any CPU = Release|Any CPU
		Release|iPhone = Release|iPhone
		Release|iPhoneSimulator = Release|iPhoneSimulator
	EndGlobalSection
	GlobalSection(ProjectConfigurationPlatforms) = postSolution
		{F89DC856-E093-4FFF-8E5A-B4573DF6B004}.Ad-Hoc|Any CPU.ActiveCfg = Release|Any CPU
		{F89DC856-E093-4FFF-8E5A-B4573DF6B004}.Ad-Hoc|Any CPU.Build.0 = Release|Any CPU
		{F89DC856-E093-4FFF-8E5A-B4573DF6B004}.Ad-Hoc|Any CPU.Deploy.0 = Release|Any CPU
		{F89DC856-E093-4FFF-8E5A-B4573DF6B004}.Ad-Hoc|iPhone.ActiveCfg = Release|Any CPU
		{F89DC856-E093-4FFF-8E5A-B4573DF6B004}.Ad-Hoc|iPhone.Build.0 = Release|Any CPU
		{F89DC856-E093-4FFF-8E5A-B4573DF6B004}.Ad-Hoc|iPhone.Deploy.0 = Release|Any CPU
		{F89DC856-E093-4FFF-8E5A-B4573DF6B004}.Ad-Hoc|iPhoneSimulator.ActiveCfg = Release|Any CPU
		{F89DC856-E093-4FFF-8E5A-B4573DF6B004}.Ad-Hoc|iPhoneSimulator.Build.0 = Release|Any CPU
		{F89DC856-E093-4FFF-8E5A-B4573DF6B004}.Ad-Hoc|iPhoneSimulator.Deploy.0 = Release|Any CPU
		{F89DC856-E093-4FFF-8E5A-B4573DF6B004}.AppStore|Any CPU.ActiveCfg = Release|Any CPU
		{F89DC856-E093-4FFF-8E5A-B4573DF6B004}.AppStore|Any CPU.Build.0 = Release|Any CPU
		{F89DC856-E093-4FFF-8E5A-B4573DF6B004}.AppStore|Any CPU.Deploy.0 = Release|Any CPU
		{F89DC856-E093-4FFF-8E5A-B4573DF6B004}.AppStore|iPhone.ActiveCfg = Release|Any CPU
		{F89DC856-E093-4FFF-8E5A-B4573DF6B004}.AppStore|iPhone.Build.0 = Release|Any CPU
		{F89DC856-E093-4FFF-8E5A-B4573DF6B004}.AppStore|iPhone.Deploy.0 = Release|Any CPU
		{F89DC856-E093-4FFF-8E5A-B4573DF6B004}.AppStore|iPhoneSimulator.ActiveCfg = Release|Any CPU
		{F89DC856-E093-4FFF-8E5A-B4573DF6B004}.AppStore|iPhoneSimulator.Build.0 = Release|Any CPU
		{F89DC856-E093-4FFF-8E5A-B4573DF6B004}.AppStore|iPhoneSimulator.Deploy.0 = Release|Any CPU
		{F89DC856-E093-4FFF-8E5A-B4573DF6B004}.Debug|Any CPU.ActiveCfg = Debug|Any CPU
		{F89DC856-E093-4FFF-8E5A-B4573DF6B004}.Debug|Any CPU.Build.0 = Debug|Any CPU
		{F89DC856-E093-4FFF-8E5A-B4573DF6B004}.Debug|Any CPU.Deploy.0 = Debug|Any CPU
		{F89DC856-E093-4FFF-8E5A-B4573DF6B004}.Debug|iPhone.ActiveCfg = Debug|Any CPU
		{F89DC856-E093-4FFF-8E5A-B4573DF6B004}.Debug|iPhone.Build.0 = Debug|Any CPU
		{F89DC856-E093-4FFF-8E5A-B4573DF6B004}.Debug|iPhone.Deploy.0 = Debug|Any CPU
		{F89DC856-E093-4FFF-8E5A-B4573DF6B004}.Debug|iPhoneSimulator.ActiveCfg = Debug|Any CPU
		{F89DC856-E093-4FFF-8E5A-B4573DF6B004}.Debug|iPhoneSimulator.Build.0 = Debug|Any CPU
		{F89DC856-E093-4FFF-8E5A-B4573DF6B004}.Debug|iPhoneSimulator.Deploy.0 = Debug|Any CPU
		{F89DC856-E093-4FFF-8E5A-B4573DF6B004}.Release|Any CPU.ActiveCfg = Release|Any CPU
		{F89DC856-E093-4FFF-8E5A-B4573DF6B004}.Release|Any CPU.Build.0 = Release|Any CPU
		{F89DC856-E093-4FFF-8E5A-B4573DF6B004}.Release|Any CPU.Deploy.0 = Release|Any CPU
		{F89DC856-E093-4FFF-8E5A-B4573DF6B004}.Release|iPhone.ActiveCfg = Release|Any CPU
		{F89DC856-E093-4FFF-8E5A-B4573DF6B004}.Release|iPhone.Build.0 = Release|Any CPU
		{F89DC856-E093-4FFF-8E5A-B4573DF6B004}.Release|iPhone.Deploy.0 = Release|Any CPU
		{F89DC856-E093-4FFF-8E5A-B4573DF6B004}.Release|iPhoneSimulator.ActiveCfg = Release|Any CPU
		{F89DC856-E093-4FFF-8E5A-B4573DF6B004}.Release|iPhoneSimulator.Build.0 = Release|Any CPU
		{F89DC856-E093-4FFF-8E5A-B4573DF6B004}.Release|iPhoneSimulator.Deploy.0 = Release|Any CPU
		{4215CB84-1B2B-4E55-8B50-CD55A99B3ED5}.Ad-Hoc|Any CPU.ActiveCfg = Release|Any CPU
		{4215CB84-1B2B-4E55-8B50-CD55A99B3ED5}.Ad-Hoc|Any CPU.Build.0 = Release|Any CPU
		{4215CB84-1B2B-4E55-8B50-CD55A99B3ED5}.Ad-Hoc|Any CPU.Deploy.0 = Release|Any CPU
		{4215CB84-1B2B-4E55-8B50-CD55A99B3ED5}.Ad-Hoc|iPhone.ActiveCfg = Release|Any CPU
		{4215CB84-1B2B-4E55-8B50-CD55A99B3ED5}.Ad-Hoc|iPhone.Build.0 = Release|Any CPU
		{4215CB84-1B2B-4E55-8B50-CD55A99B3ED5}.Ad-Hoc|iPhone.Deploy.0 = Release|Any CPU
		{4215CB84-1B2B-4E55-8B50-CD55A99B3ED5}.Ad-Hoc|iPhoneSimulator.ActiveCfg = Release|Any CPU
		{4215CB84-1B2B-4E55-8B50-CD55A99B3ED5}.Ad-Hoc|iPhoneSimulator.Build.0 = Release|Any CPU
		{4215CB84-1B2B-4E55-8B50-CD55A99B3ED5}.Ad-Hoc|iPhoneSimulator.Deploy.0 = Release|Any CPU
		{4215CB84-1B2B-4E55-8B50-CD55A99B3ED5}.AppStore|Any CPU.ActiveCfg = Release|Any CPU
		{4215CB84-1B2B-4E55-8B50-CD55A99B3ED5}.AppStore|Any CPU.Build.0 = Release|Any CPU
		{4215CB84-1B2B-4E55-8B50-CD55A99B3ED5}.AppStore|Any CPU.Deploy.0 = Release|Any CPU
		{4215CB84-1B2B-4E55-8B50-CD55A99B3ED5}.AppStore|iPhone.ActiveCfg = Release|Any CPU
		{4215CB84-1B2B-4E55-8B50-CD55A99B3ED5}.AppStore|iPhone.Build.0 = Release|Any CPU
		{4215CB84-1B2B-4E55-8B50-CD55A99B3ED5}.AppStore|iPhone.Deploy.0 = Release|Any CPU
		{4215CB84-1B2B-4E55-8B50-CD55A99B3ED5}.AppStore|iPhoneSimulator.ActiveCfg = Release|Any CPU
		{4215CB84-1B2B-4E55-8B50-CD55A99B3ED5}.AppStore|iPhoneSimulator.Build.0 = Release|Any CPU
		{4215CB84-1B2B-4E55-8B50-CD55A99B3ED5}.AppStore|iPhoneSimulator.Deploy.0 = Release|Any CPU
		{4215CB84-1B2B-4E55-8B50-CD55A99B3ED5}.Debug|Any CPU.ActiveCfg = Debug|Any CPU
		{4215CB84-1B2B-4E55-8B50-CD55A99B3ED5}.Debug|Any CPU.Build.0 = Debug|Any CPU
		{4215CB84-1B2B-4E55-8B50-CD55A99B3ED5}.Debug|Any CPU.Deploy.0 = Debug|Any CPU
		{4215CB84-1B2B-4E55-8B50-CD55A99B3ED5}.Debug|iPhone.ActiveCfg = Debug|Any CPU
		{4215CB84-1B2B-4E55-8B50-CD55A99B3ED5}.Debug|iPhone.Build.0 = Debug|Any CPU
		{4215CB84-1B2B-4E55-8B50-CD55A99B3ED5}.Debug|iPhone.Deploy.0 = Debug|Any CPU
		{4215CB84-1B2B-4E55-8B50-CD55A99B3ED5}.Debug|iPhoneSimulator.ActiveCfg = Debug|Any CPU
		{4215CB84-1B2B-4E55-8B50-CD55A99B3ED5}.Debug|iPhoneSimulator.Build.0 = Debug|Any CPU
		{4215CB84-1B2B-4E55-8B50-CD55A99B3ED5}.Debug|iPhoneSimulator.Deploy.0 = Debug|Any CPU
		{4215CB84-1B2B-4E55-8B50-CD55A99B3ED5}.Release|Any CPU.ActiveCfg = Release|Any CPU
		{4215CB84-1B2B-4E55-8B50-CD55A99B3ED5}.Release|Any CPU.Build.0 = Release|Any CPU
		{4215CB84-1B2B-4E55-8B50-CD55A99B3ED5}.Release|Any CPU.Deploy.0 = Release|Any CPU
		{4215CB84-1B2B-4E55-8B50-CD55A99B3ED5}.Release|iPhone.ActiveCfg = Release|Any CPU
		{4215CB84-1B2B-4E55-8B50-CD55A99B3ED5}.Release|iPhone.Build.0 = Release|Any CPU
		{4215CB84-1B2B-4E55-8B50-CD55A99B3ED5}.Release|iPhone.Deploy.0 = Release|Any CPU
		{4215CB84-1B2B-4E55-8B50-CD55A99B3ED5}.Release|iPhoneSimulator.ActiveCfg = Release|Any CPU
		{4215CB84-1B2B-4E55-8B50-CD55A99B3ED5}.Release|iPhoneSimulator.Build.0 = Release|Any CPU
		{4215CB84-1B2B-4E55-8B50-CD55A99B3ED5}.Release|iPhoneSimulator.Deploy.0 = Release|Any CPU
		{243E52F5-525D-47E1-AA31-B077A09E0327}.Ad-Hoc|Any CPU.ActiveCfg = Ad-Hoc|iPhone
		{243E52F5-525D-47E1-AA31-B077A09E0327}.Ad-Hoc|Any CPU.Build.0 = Ad-Hoc|iPhone
		{243E52F5-525D-47E1-AA31-B077A09E0327}.Ad-Hoc|Any CPU.Deploy.0 = Ad-Hoc|iPhone
		{243E52F5-525D-47E1-AA31-B077A09E0327}.Ad-Hoc|iPhone.ActiveCfg = Ad-Hoc|iPhone
		{243E52F5-525D-47E1-AA31-B077A09E0327}.Ad-Hoc|iPhone.Build.0 = Ad-Hoc|iPhone
		{243E52F5-525D-47E1-AA31-B077A09E0327}.Ad-Hoc|iPhone.Deploy.0 = Ad-Hoc|iPhone
		{243E52F5-525D-47E1-AA31-B077A09E0327}.Ad-Hoc|iPhoneSimulator.ActiveCfg = Ad-Hoc|iPhoneSimulator
		{243E52F5-525D-47E1-AA31-B077A09E0327}.Ad-Hoc|iPhoneSimulator.Build.0 = Ad-Hoc|iPhoneSimulator
		{243E52F5-525D-47E1-AA31-B077A09E0327}.Ad-Hoc|iPhoneSimulator.Deploy.0 = Ad-Hoc|iPhoneSimulator
		{243E52F5-525D-47E1-AA31-B077A09E0327}.AppStore|Any CPU.ActiveCfg = AppStore|iPhone
		{243E52F5-525D-47E1-AA31-B077A09E0327}.AppStore|Any CPU.Build.0 = AppStore|iPhone
		{243E52F5-525D-47E1-AA31-B077A09E0327}.AppStore|Any CPU.Deploy.0 = AppStore|iPhone
		{243E52F5-525D-47E1-AA31-B077A09E0327}.AppStore|iPhone.ActiveCfg = AppStore|iPhone
		{243E52F5-525D-47E1-AA31-B077A09E0327}.AppStore|iPhone.Build.0 = AppStore|iPhone
		{243E52F5-525D-47E1-AA31-B077A09E0327}.AppStore|iPhone.Deploy.0 = AppStore|iPhone
		{243E52F5-525D-47E1-AA31-B077A09E0327}.AppStore|iPhoneSimulator.ActiveCfg = AppStore|iPhoneSimulator
		{243E52F5-525D-47E1-AA31-B077A09E0327}.AppStore|iPhoneSimulator.Build.0 = AppStore|iPhoneSimulator
		{243E52F5-525D-47E1-AA31-B077A09E0327}.AppStore|iPhoneSimulator.Deploy.0 = AppStore|iPhoneSimulator
		{243E52F5-525D-47E1-AA31-B077A09E0327}.Debug|Any CPU.ActiveCfg = Debug|iPhoneSimulator
		{243E52F5-525D-47E1-AA31-B077A09E0327}.Debug|Any CPU.Build.0 = Debug|iPhoneSimulator
		{243E52F5-525D-47E1-AA31-B077A09E0327}.Debug|Any CPU.Deploy.0 = Debug|iPhoneSimulator
		{243E52F5-525D-47E1-AA31-B077A09E0327}.Debug|iPhone.ActiveCfg = Debug|iPhone
		{243E52F5-525D-47E1-AA31-B077A09E0327}.Debug|iPhone.Build.0 = Debug|iPhone
		{243E52F5-525D-47E1-AA31-B077A09E0327}.Debug|iPhone.Deploy.0 = Debug|iPhone
		{243E52F5-525D-47E1-AA31-B077A09E0327}.Debug|iPhoneSimulator.ActiveCfg = Debug|iPhoneSimulator
		{243E52F5-525D-47E1-AA31-B077A09E0327}.Debug|iPhoneSimulator.Build.0 = Debug|iPhoneSimulator
		{243E52F5-525D-47E1-AA31-B077A09E0327}.Debug|iPhoneSimulator.Deploy.0 = Debug|iPhoneSimulator
		{243E52F5-525D-47E1-AA31-B077A09E0327}.Release|Any CPU.ActiveCfg = Release|iPhone
		{243E52F5-525D-47E1-AA31-B077A09E0327}.Release|Any CPU.Build.0 = Release|iPhone
		{243E52F5-525D-47E1-AA31-B077A09E0327}.Release|Any CPU.Deploy.0 = Release|iPhone
		{243E52F5-525D-47E1-AA31-B077A09E0327}.Release|iPhone.ActiveCfg = Release|iPhone
		{243E52F5-525D-47E1-AA31-B077A09E0327}.Release|iPhone.Build.0 = Release|iPhone
		{243E52F5-525D-47E1-AA31-B077A09E0327}.Release|iPhone.Deploy.0 = Release|iPhone
		{243E52F5-525D-47E1-AA31-B077A09E0327}.Release|iPhoneSimulator.ActiveCfg = Release|iPhoneSimulator
		{243E52F5-525D-47E1-AA31-B077A09E0327}.Release|iPhoneSimulator.Build.0 = Release|iPhoneSimulator
		{243E52F5-525D-47E1-AA31-B077A09E0327}.Release|iPhoneSimulator.Deploy.0 = Release|iPhoneSimulator
	EndGlobalSection
	GlobalSection(SolutionProperties) = preSolution
		HideSolutionNode = FALSE
	EndGlobalSection
EndGlobal
